{
    "name": "animaya3",
    "lockfileVersion": 3,
    "requires": true,
    "packages": {
        "": {
            "dependencies": {
                "@fortawesome/fontawesome-svg-core": "^6.5.1",
                "@fortawesome/free-solid-svg-icons": "^6.5.1",
                "@fortawesome/react-fontawesome": "^0.2.0",
                "cipherdata": "^1.0.1",
                "cookies-next": "^4.0.0",
                "cross-fetch": "^4.0.0",
                "fs": "^0.0.1-security",
                "next": "latest",
                "node": "^20.7.0",
                "node-html-parser": "^6.1.12",
                "react": "18.2.0",
                "react-dom": "18.2.0",
                "react-infinite-observer": "^2.0.1",
                "react-lazy-load-image-component": "^1.6.0",
                "react-player": "^2.14.1",
                "swiper": "^11.0.5",
                "user-agents": "^1.1.70",
                "zougatagadb": "^1.2.6"
            },
            "engines": {
                "node": ">=18"
            }
        },
        "node_modules/@fortawesome/fontawesome-common-types": {
            "version": "6.5.1",
            "resolved": "https://registry.npmjs.org/@fortawesome/fontawesome-common-types/-/fontawesome-common-types-6.5.1.tgz",
            "integrity": "sha512-GkWzv+L6d2bI5f/Vk6ikJ9xtl7dfXtoRu3YGE6nq0p/FFqA1ebMOAWg3XgRyb0I6LYyYkiAo+3/KrwuBp8xG7A==",
            "hasInstallScript": true,
            "engines": {
                "node": ">=6"
            }
        },
        "node_modules/@fortawesome/fontawesome-svg-core": {
            "version": "6.5.1",
            "resolved": "https://registry.npmjs.org/@fortawesome/fontawesome-svg-core/-/fontawesome-svg-core-6.5.1.tgz",
            "integrity": "sha512-MfRCYlQPXoLlpem+egxjfkEuP9UQswTrlCOsknus/NcMoblTH2g0jPrapbcIb04KGA7E2GZxbAccGZfWoYgsrQ==",
            "hasInstallScript": true,
            "dependencies": {
                "@fortawesome/fontawesome-common-types": "6.5.1"
            },
            "engines": {
                "node": ">=6"
            }
        },
        "node_modules/@fortawesome/free-solid-svg-icons": {
            "version": "6.5.1",
            "resolved": "https://registry.npmjs.org/@fortawesome/free-solid-svg-icons/-/free-solid-svg-icons-6.5.1.tgz",
            "integrity": "sha512-S1PPfU3mIJa59biTtXJz1oI0+KAXW6bkAb31XKhxdxtuXDiUIFsih4JR1v5BbxY7hVHsD1RKq+jRkVRaf773NQ==",
            "hasInstallScript": true,
            "dependencies": {
                "@fortawesome/fontawesome-common-types": "6.5.1"
            },
            "engines": {
                "node": ">=6"
            }
        },
        "node_modules/@fortawesome/react-fontawesome": {
            "version": "0.2.0",
            "resolved": "https://registry.npmjs.org/@fortawesome/react-fontawesome/-/react-fontawesome-0.2.0.tgz",
            "integrity": "sha512-uHg75Rb/XORTtVt7OS9WoK8uM276Ufi7gCzshVWkUJbHhh3svsUUeqXerrM96Wm7fRiDzfKRwSoahhMIkGAYHw==",
            "dependencies": {
                "prop-types": "^15.8.1"
            },
            "peerDependencies": {
                "@fortawesome/fontawesome-svg-core": "~1 || ~6",
                "react": ">=16.3"
            }
        },
        "node_modules/@next/env": {
            "version": "14.0.4",
            "resolved": "https://registry.npmjs.org/@next/env/-/env-14.0.4.tgz",
            "integrity": "sha512-irQnbMLbUNQpP1wcE5NstJtbuA/69kRfzBrpAD7Gsn8zm/CY6YQYc3HQBz8QPxwISG26tIm5afvvVbu508oBeQ=="
        },
        "node_modules/@next/swc-darwin-arm64": {
            "version": "14.0.4",
            "resolved": "https://registry.npmjs.org/@next/swc-darwin-arm64/-/swc-darwin-arm64-14.0.4.tgz",
            "integrity": "sha512-mF05E/5uPthWzyYDyptcwHptucf/jj09i2SXBPwNzbgBNc+XnwzrL0U6BmPjQeOL+FiB+iG1gwBeq7mlDjSRPg==",
            "cpu": [
                "arm64"
            ],
            "optional": true,
            "os": [
                "darwin"
            ],
            "engines": {
                "node": ">= 10"
            }
        },
        "node_modules/@next/swc-darwin-x64": {
            "version": "14.0.4",
            "resolved": "https://registry.npmjs.org/@next/swc-darwin-x64/-/swc-darwin-x64-14.0.4.tgz",
            "integrity": "sha512-IZQ3C7Bx0k2rYtrZZxKKiusMTM9WWcK5ajyhOZkYYTCc8xytmwSzR1skU7qLgVT/EY9xtXDG0WhY6fyujnI3rw==",
            "cpu": [
                "x64"
            ],
            "optional": true,
            "os": [
                "darwin"
            ],
            "engines": {
                "node": ">= 10"
            }
        },
        "node_modules/@next/swc-linux-arm64-gnu": {
            "version": "14.0.4",
            "resolved": "https://registry.npmjs.org/@next/swc-linux-arm64-gnu/-/swc-linux-arm64-gnu-14.0.4.tgz",
            "integrity": "sha512-VwwZKrBQo/MGb1VOrxJ6LrKvbpo7UbROuyMRvQKTFKhNaXjUmKTu7wxVkIuCARAfiI8JpaWAnKR+D6tzpCcM4w==",
            "cpu": [
                "arm64"
            ],
            "optional": true,
            "os": [
                "linux"
            ],
            "engines": {
                "node": ">= 10"
            }
        },
        "node_modules/@next/swc-linux-arm64-musl": {
            "version": "14.0.4",
            "resolved": "https://registry.npmjs.org/@next/swc-linux-arm64-musl/-/swc-linux-arm64-musl-14.0.4.tgz",
            "integrity": "sha512-8QftwPEW37XxXoAwsn+nXlodKWHfpMaSvt81W43Wh8dv0gkheD+30ezWMcFGHLI71KiWmHK5PSQbTQGUiidvLQ==",
            "cpu": [
                "arm64"
            ],
            "optional": true,
            "os": [
                "linux"
            ],
            "engines": {
                "node": ">= 10"
            }
        },
        "node_modules/@next/swc-linux-x64-gnu": {
            "version": "14.0.4",
            "resolved": "https://registry.npmjs.org/@next/swc-linux-x64-gnu/-/swc-linux-x64-gnu-14.0.4.tgz",
            "integrity": "sha512-/s/Pme3VKfZAfISlYVq2hzFS8AcAIOTnoKupc/j4WlvF6GQ0VouS2Q2KEgPuO1eMBwakWPB1aYFIA4VNVh667A==",
            "cpu": [
                "x64"
            ],
            "optional": true,
            "os": [
                "linux"
            ],
            "engines": {
                "node": ">= 10"
            }
        },
        "node_modules/@next/swc-linux-x64-musl": {
            "version": "14.0.4",
            "resolved": "https://registry.npmjs.org/@next/swc-linux-x64-musl/-/swc-linux-x64-musl-14.0.4.tgz",
            "integrity": "sha512-m8z/6Fyal4L9Bnlxde5g2Mfa1Z7dasMQyhEhskDATpqr+Y0mjOBZcXQ7G5U+vgL22cI4T7MfvgtrM2jdopqWaw==",
            "cpu": [
                "x64"
            ],
            "optional": true,
            "os": [
                "linux"
            ],
            "engines": {
                "node": ">= 10"
            }
        },
        "node_modules/@next/swc-win32-arm64-msvc": {
            "version": "14.0.4",
            "resolved": "https://registry.npmjs.org/@next/swc-win32-arm64-msvc/-/swc-win32-arm64-msvc-14.0.4.tgz",
            "integrity": "sha512-7Wv4PRiWIAWbm5XrGz3D8HUkCVDMMz9igffZG4NB1p4u1KoItwx9qjATHz88kwCEal/HXmbShucaslXCQXUM5w==",
            "cpu": [
                "arm64"
            ],
            "optional": true,
            "os": [
                "win32"
            ],
            "engines": {
                "node": ">= 10"
            }
        },
        "node_modules/@next/swc-win32-ia32-msvc": {
            "version": "14.0.4",
            "resolved": "https://registry.npmjs.org/@next/swc-win32-ia32-msvc/-/swc-win32-ia32-msvc-14.0.4.tgz",
            "integrity": "sha512-zLeNEAPULsl0phfGb4kdzF/cAVIfaC7hY+kt0/d+y9mzcZHsMS3hAS829WbJ31DkSlVKQeHEjZHIdhN+Pg7Gyg==",
            "cpu": [
                "ia32"
            ],
            "optional": true,
            "os": [
                "win32"
            ],
            "engines": {
                "node": ">= 10"
            }
        },
        "node_modules/@next/swc-win32-x64-msvc": {
            "version": "14.0.4",
            "resolved": "https://registry.npmjs.org/@next/swc-win32-x64-msvc/-/swc-win32-x64-msvc-14.0.4.tgz",
            "integrity": "sha512-yEh2+R8qDlDCjxVpzOTEpBLQTEFAcP2A8fUFLaWNap9GitYKkKv1//y2S6XY6zsR4rCOPRpU7plYDR+az2n30A==",
            "cpu": [
                "x64"
            ],
            "optional": true,
            "os": [
                "win32"
            ],
            "engines": {
                "node": ">= 10"
            }
        },
        "node_modules/@swc/helpers": {
            "version": "0.5.2",
            "resolved": "https://registry.npmjs.org/@swc/helpers/-/helpers-0.5.2.tgz",
            "integrity": "sha512-E4KcWTpoLHqwPHLxidpOqQbcrZVgi0rsmmZXUle1jXmJfuIf/UWpczUJ7MZZ5tlxytgJXyp0w4PGkkeLiuIdZw==",
            "dependencies": {
                "tslib": "^2.4.0"
            }
        },
        "node_modules/@types/cookie": {
            "version": "0.4.1",
            "resolved": "https://registry.npmjs.org/@types/cookie/-/cookie-0.4.1.tgz",
            "integrity": "sha512-XW/Aa8APYr6jSVVA1y/DEIZX0/GMKLEVekNG727R8cs56ahETkRAy/3DR7+fJyh7oUgGwNQaRfXCun0+KbWY7Q=="
        },
        "node_modules/@types/node": {
            "version": "16.18.69",
            "resolved": "https://registry.npmjs.org/@types/node/-/node-16.18.69.tgz",
            "integrity": "sha512-AfDKv5fWd9XStaEuqFa6PYcM8FgTqxVMsP4BPk60emeB9YX+pp2P0zZ8nU1BQg8hyPGFrMt7MGMRMis8IrcPyg=="
        },
        "node_modules/boolbase": {
            "version": "1.0.0",
            "resolved": "https://registry.npmjs.org/boolbase/-/boolbase-1.0.0.tgz",
            "integrity": "sha512-JZOSA7Mo9sNGB8+UjSgzdLtokWAky1zbztM3WRLCbZ70/3cTANmQmOdR7y2g+J0e2WXywy1yS468tY+IruqEww=="
        },
        "node_modules/busboy": {
            "version": "1.6.0",
            "resolved": "https://registry.npmjs.org/busboy/-/busboy-1.6.0.tgz",
            "integrity": "sha512-8SFQbg/0hQ9xy3UNTB0YEnsNBbWfhf7RtnzpL7TkBiTBRfrQ9Fxcnz7VJsleJpyp6rVLvXiuORqjlHi5q+PYuA==",
            "dependencies": {
                "streamsearch": "^1.1.0"
            },
            "engines": {
                "node": ">=10.16.0"
            }
        },
        "node_modules/caniuse-lite": {
            "version": "1.0.30001572",
            "resolved": "https://registry.npmjs.org/caniuse-lite/-/caniuse-lite-1.0.30001572.tgz",
            "integrity": "sha512-1Pbh5FLmn5y4+QhNyJE9j3/7dK44dGB83/ZMjv/qJk86TvDbjk0LosiZo0i0WB0Vx607qMX9jYrn1VLHCkN4rw==",
            "funding": [
                {
                    "type": "opencollective",
                    "url": "https://opencollective.com/browserslist"
                },
                {
                    "type": "tidelift",
                    "url": "https://tidelift.com/funding/github/npm/caniuse-lite"
                },
                {
                    "type": "github",
                    "url": "https://github.com/sponsors/ai"
                }
            ]
        },
        "node_modules/cipherdata": {
            "version": "1.0.1",
            "resolved": "https://registry.npmjs.org/cipherdata/-/cipherdata-1.0.1.tgz",
            "integrity": "sha512-i5ktF/cTpi76LPNXhV574LmwMYZFk088YnA1QMBOSTp5si7V0iKF3VDlRIqESi/gv4e9KssmXxhLVefvTnUYsQ==",
            "dependencies": {
                "crypto": "^1.0.1"
            }
        },
        "node_modules/client-only": {
            "version": "0.0.1",
            "resolved": "https://registry.npmjs.org/client-only/-/client-only-0.0.1.tgz",
            "integrity": "sha512-IV3Ou0jSMzZrd3pZ48nLkT9DA7Ag1pnPzaiQhpW7c3RbcqqzvzzVu+L8gfqMp/8IM2MQtSiqaCxrrcfu8I8rMA=="
        },
        "node_modules/cookie": {
            "version": "0.4.2",
            "resolved": "https://registry.npmjs.org/cookie/-/cookie-0.4.2.tgz",
            "integrity": "sha512-aSWTXFzaKWkvHO1Ny/s+ePFpvKsPnjc551iI41v3ny/ow6tBG5Vd+FuqGNhh1LxOmVzOlGUriIlOaokOvhaStA==",
            "engines": {
                "node": ">= 0.6"
            }
        },
        "node_modules/cookies-next": {
            "version": "4.1.0",
            "resolved": "https://registry.npmjs.org/cookies-next/-/cookies-next-4.1.0.tgz",
            "integrity": "sha512-BREVc4TJT4NwXfyKjdjnYFXM6iRns+MYpCd34ClXuYqeisXnkPkbq7Ok9xaqi9mHmV6H2rwPE+p3EpMz4pF/kQ==",
            "dependencies": {
                "@types/cookie": "^0.4.1",
                "@types/node": "^16.10.2",
                "cookie": "^0.4.0"
            }
        },
        "node_modules/cross-fetch": {
            "version": "4.0.0",
            "resolved": "https://registry.npmjs.org/cross-fetch/-/cross-fetch-4.0.0.tgz",
            "integrity": "sha512-e4a5N8lVvuLgAWgnCrLr2PP0YyDOTHa9H/Rj54dirp61qXnNq46m82bRhNqIA5VccJtWBvPTFRV3TtvHUKPB1g==",
            "dependencies": {
                "node-fetch": "^2.6.12"
            }
        },
        "node_modules/crypto": {
            "version": "1.0.1",
            "resolved": "https://registry.npmjs.org/crypto/-/crypto-1.0.1.tgz",
            "integrity": "sha512-VxBKmeNcqQdiUQUW2Tzq0t377b54N2bMtXO/qiLa+6eRRmmC4qT3D4OnTGoT/U6O9aklQ/jTwbOtRMTTY8G0Ig==",
            "deprecated": "This package is no longer supported. It's now a built-in Node module. If you've depended on crypto, you should switch to the one that's built-in."
        },
        "node_modules/css-select": {
            "version": "5.1.0",
            "resolved": "https://registry.npmjs.org/css-select/-/css-select-5.1.0.tgz",
            "integrity": "sha512-nwoRF1rvRRnnCqqY7updORDsuqKzqYJ28+oSMaJMMgOauh3fvwHqMS7EZpIPqK8GL+g9mKxF1vP/ZjSeNjEVHg==",
            "dependencies": {
                "boolbase": "^1.0.0",
                "css-what": "^6.1.0",
                "domhandler": "^5.0.2",
                "domutils": "^3.0.1",
                "nth-check": "^2.0.1"
            },
            "funding": {
                "url": "https://github.com/sponsors/fb55"
            }
        },
        "node_modules/css-what": {
            "version": "6.1.0",
            "resolved": "https://registry.npmjs.org/css-what/-/css-what-6.1.0.tgz",
            "integrity": "sha512-HTUrgRJ7r4dsZKU6GjmpfRK1O76h97Z8MfS1G0FozR+oF2kG6Vfe8JE6zwrkbxigziPHinCJ+gCPjA9EaBDtRw==",
            "engines": {
                "node": ">= 6"
            },
            "funding": {
                "url": "https://github.com/sponsors/fb55"
            }
        },
        "node_modules/deepmerge": {
            "version": "4.3.1",
            "resolved": "https://registry.npmjs.org/deepmerge/-/deepmerge-4.3.1.tgz",
            "integrity": "sha512-3sUqbMEc77XqpdNO7FRyRog+eW3ph+GYCbj+rK+uYyRMuwsVy0rMiVtPn+QJlKFvWP/1PYpapqYn0Me2knFn+A==",
            "engines": {
                "node": ">=0.10.0"
            }
        },
        "node_modules/dom-serializer": {
            "version": "2.0.0",
            "resolved": "https://registry.npmjs.org/dom-serializer/-/dom-serializer-2.0.0.tgz",
            "integrity": "sha512-wIkAryiqt/nV5EQKqQpo3SToSOV9J0DnbJqwK7Wv/Trc92zIAYZ4FlMu+JPFW1DfGFt81ZTCGgDEabffXeLyJg==",
            "dependencies": {
                "domelementtype": "^2.3.0",
                "domhandler": "^5.0.2",
                "entities": "^4.2.0"
            },
            "funding": {
                "url": "https://github.com/cheeriojs/dom-serializer?sponsor=1"
            }
        },
        "node_modules/domelementtype": {
            "version": "2.3.0",
            "resolved": "https://registry.npmjs.org/domelementtype/-/domelementtype-2.3.0.tgz",
            "integrity": "sha512-OLETBj6w0OsagBwdXnPdN0cnMfF9opN69co+7ZrbfPGrdpPVNBUj02spi6B1N7wChLQiPn4CSH/zJvXw56gmHw==",
            "funding": [
                {
                    "type": "github",
                    "url": "https://github.com/sponsors/fb55"
                }
            ]
        },
        "node_modules/domhandler": {
            "version": "5.0.3",
            "resolved": "https://registry.npmjs.org/domhandler/-/domhandler-5.0.3.tgz",
            "integrity": "sha512-cgwlv/1iFQiFnU96XXgROh8xTeetsnJiDsTc7TYCLFd9+/WNkIqPTxiM/8pSd8VIrhXGTf1Ny1q1hquVqDJB5w==",
            "dependencies": {
                "domelementtype": "^2.3.0"
            },
            "engines": {
                "node": ">= 4"
            },
            "funding": {
                "url": "https://github.com/fb55/domhandler?sponsor=1"
            }
        },
        "node_modules/domutils": {
            "version": "3.1.0",
            "resolved": "https://registry.npmjs.org/domutils/-/domutils-3.1.0.tgz",
            "integrity": "sha512-H78uMmQtI2AhgDJjWeQmHwJJ2bLPD3GMmO7Zja/ZZh84wkm+4ut+IUnUdRa8uCGX88DiVx1j6FRe1XfxEgjEZA==",
            "dependencies": {
                "dom-serializer": "^2.0.0",
                "domelementtype": "^2.3.0",
                "domhandler": "^5.0.3"
            },
            "funding": {
                "url": "https://github.com/fb55/domutils?sponsor=1"
            }
        },
        "node_modules/entities": {
            "version": "4.5.0",
            "resolved": "https://registry.npmjs.org/entities/-/entities-4.5.0.tgz",
            "integrity": "sha512-V0hjH4dGPh9Ao5p0MoRY6BVqtwCjhz6vI5LT8AJ55H+4g9/4vbHx1I54fS0XuclLhDHArPQCiMjDxjaL8fPxhw==",
            "engines": {
                "node": ">=0.12"
            },
            "funding": {
                "url": "https://github.com/fb55/entities?sponsor=1"
            }
        },
        "node_modules/fs": {
            "version": "0.0.1-security",
            "resolved": "https://registry.npmjs.org/fs/-/fs-0.0.1-security.tgz",
            "integrity": "sha512-3XY9e1pP0CVEUCdj5BmfIZxRBTSDycnbqhIOGec9QYtmVH2fbLpj86CFWkrNOkt/Fvty4KZG5lTglL9j/gJ87w=="
        },
        "node_modules/glob-to-regexp": {
            "version": "0.4.1",
            "resolved": "https://registry.npmjs.org/glob-to-regexp/-/glob-to-regexp-0.4.1.tgz",
            "integrity": "sha512-lkX1HJXwyMcprw/5YUZc2s7DrpAiHB21/V+E1rHUrVNokkvB6bqMzT0VfV6/86ZNabt1k14YOIaT7nDvOX3Iiw=="
        },
        "node_modules/graceful-fs": {
            "version": "4.2.11",
            "resolved": "https://registry.npmjs.org/graceful-fs/-/graceful-fs-4.2.11.tgz",
            "integrity": "sha512-RbJ5/jmFcNNCcDV5o9eTnBLJ/HszWV0P73bc+Ff4nS/rJj+YaS6IGyiOL0VoBYX+l1Wrl3k63h/KrH+nhJ0XvQ=="
        },
        "node_modules/he": {
            "version": "1.2.0",
            "resolved": "https://registry.npmjs.org/he/-/he-1.2.0.tgz",
            "integrity": "sha512-F/1DnUGPopORZi0ni+CvrCgHQ5FyEAHRLSApuYWMmrbSwoN2Mn/7k+Gl38gJnR7yyDZk6WLXwiGod1JOWNDKGw==",
            "bin": {
                "he": "bin/he"
            }
        },
        "node_modules/js-tokens": {
            "version": "4.0.0",
            "resolved": "https://registry.npmjs.org/js-tokens/-/js-tokens-4.0.0.tgz",
            "integrity": "sha512-RdJUflcE3cUzKiMqQgsCu06FPu9UdIJO0beYbPhHN4k6apgJtifcoCtT9bcxOpYBtpD2kCM6Sbzg4CausW/PKQ=="
        },
        "node_modules/load-script": {
            "version": "1.0.0",
            "resolved": "https://registry.npmjs.org/load-script/-/load-script-1.0.0.tgz",
            "integrity": "sha512-kPEjMFtZvwL9TaZo0uZ2ml+Ye9HUMmPwbYRJ324qF9tqMejwykJ5ggTyvzmrbBeapCAbk98BSbTeovHEEP1uCA=="
        },
        "node_modules/lodash.clonedeep": {
            "version": "4.5.0",
            "resolved": "https://registry.npmjs.org/lodash.clonedeep/-/lodash.clonedeep-4.5.0.tgz",
            "integrity": "sha512-H5ZhCF25riFd9uB5UCkVKo61m3S/xZk1x4wA6yp/L3RFP6Z/eHH1ymQcGLo7J3GMPfm0V/7m1tryHuGVxpqEBQ=="
        },
        "node_modules/lodash.debounce": {
            "version": "4.0.8",
            "resolved": "https://registry.npmjs.org/lodash.debounce/-/lodash.debounce-4.0.8.tgz",
            "integrity": "sha512-FT1yDzDYEoYWhnSGnpE/4Kj1fLZkDFyqRb7fNt6FdYOSxlUWAtp42Eh6Wb0rGIv/m9Bgo7x4GhQbm5Ys4SG5ow=="
        },
        "node_modules/lodash.throttle": {
            "version": "4.1.1",
            "resolved": "https://registry.npmjs.org/lodash.throttle/-/lodash.throttle-4.1.1.tgz",
            "integrity": "sha512-wIkUCfVKpVsWo3JSZlc+8MB5it+2AN5W8J7YVMST30UrvcQNZ1Okbj+rbVniijTWE6FGYy4XJq/rHkas8qJMLQ=="
        },
        "node_modules/loose-envify": {
            "version": "1.4.0",
            "resolved": "https://registry.npmjs.org/loose-envify/-/loose-envify-1.4.0.tgz",
            "integrity": "sha512-lyuxPGr/Wfhrlem2CL/UcnUc1zcqKAImBDzukY7Y5F/yQiNdko6+fRLevlw1HgMySw7f611UIY408EtxRSoK3Q==",
            "dependencies": {
                "js-tokens": "^3.0.0 || ^4.0.0"
            },
            "bin": {
                "loose-envify": "cli.js"
            }
        },
        "node_modules/memoize-one": {
            "version": "5.2.1",
            "resolved": "https://registry.npmjs.org/memoize-one/-/memoize-one-5.2.1.tgz",
            "integrity": "sha512-zYiwtZUcYyXKo/np96AGZAckk+FWWsUdJ3cHGGmld7+AhvcWmQyGCYUh1hc4Q/pkOhb65dQR/pqCyK0cOaHz4Q=="
        },
        "node_modules/nanoid": {
            "version": "3.3.7",
            "resolved": "https://registry.npmjs.org/nanoid/-/nanoid-3.3.7.tgz",
            "integrity": "sha512-eSRppjcPIatRIMC1U6UngP8XFcz8MQWGQdt1MTBQ7NaAmvXDfvNxbvWV3x2y6CdEUciCSsDHDQZbhYaB8QEo2g==",
            "funding": [
                {
                    "type": "github",
                    "url": "https://github.com/sponsors/ai"
                }
            ],
            "bin": {
                "nanoid": "bin/nanoid.cjs"
            },
            "engines": {
                "node": "^10 || ^12 || ^13.7 || ^14 || >=15.0.1"
            }
        },
        "node_modules/next": {
            "version": "14.0.4",
            "resolved": "https://registry.npmjs.org/next/-/next-14.0.4.tgz",
            "integrity": "sha512-qbwypnM7327SadwFtxXnQdGiKpkuhaRLE2uq62/nRul9cj9KhQ5LhHmlziTNqUidZotw/Q1I9OjirBROdUJNgA==",
            "dependencies": {
                "@next/env": "14.0.4",
                "@swc/helpers": "0.5.2",
                "busboy": "1.6.0",
                "caniuse-lite": "^1.0.30001406",
                "graceful-fs": "^4.2.11",
                "postcss": "8.4.31",
                "styled-jsx": "5.1.1",
                "watchpack": "2.4.0"
            },
            "bin": {
                "next": "dist/bin/next"
            },
            "engines": {
                "node": ">=18.17.0"
            },
            "optionalDependencies": {
                "@next/swc-darwin-arm64": "14.0.4",
                "@next/swc-darwin-x64": "14.0.4",
                "@next/swc-linux-arm64-gnu": "14.0.4",
                "@next/swc-linux-arm64-musl": "14.0.4",
                "@next/swc-linux-x64-gnu": "14.0.4",
                "@next/swc-linux-x64-musl": "14.0.4",
                "@next/swc-win32-arm64-msvc": "14.0.4",
                "@next/swc-win32-ia32-msvc": "14.0.4",
                "@next/swc-win32-x64-msvc": "14.0.4"
            },
            "peerDependencies": {
                "@opentelemetry/api": "^1.1.0",
                "react": "^18.2.0",
                "react-dom": "^18.2.0",
                "sass": "^1.3.0"
            },
            "peerDependenciesMeta": {
                "@opentelemetry/api": {
                    "optional": true
                },
                "sass": {
                    "optional": true
                }
            }
        },
        "node_modules/node": {
            "version": "20.10.0",
            "resolved": "https://registry.npmjs.org/node/-/node-20.10.0.tgz",
            "integrity": "sha512-mIXfsYLNrafDq9es40WduIcwcGJLHVIa+itiKGcydM3qKx1HxymPWCKrG12PwG4oxsv4Jdke3uq2o4UiRgLYdQ==",
            "hasInstallScript": true,
            "dependencies": {
                "node-bin-setup": "^1.0.0"
            },
            "bin": {
                "node": "bin/node"
            },
            "engines": {
                "npm": ">=5.0.0"
            }
        },
        "node_modules/node-bin-setup": {
            "version": "1.1.3",
            "resolved": "https://registry.npmjs.org/node-bin-setup/-/node-bin-setup-1.1.3.tgz",
            "integrity": "sha512-opgw9iSCAzT2+6wJOETCpeRYAQxSopqQ2z+N6BXwIMsQQ7Zj5M8MaafQY8JMlolRR6R1UXg2WmhKp0p9lSOivg=="
        },
        "node_modules/node-fetch": {
            "version": "2.7.0",
            "resolved": "https://registry.npmjs.org/node-fetch/-/node-fetch-2.7.0.tgz",
            "integrity": "sha512-c4FRfUm/dbcWZ7U+1Wq0AwCyFL+3nt2bEw05wfxSz+DWpWsitgmSgYmy2dQdWyKC1694ELPqMs/YzUSNozLt8A==",
            "dependencies": {
                "whatwg-url": "^5.0.0"
            },
            "engines": {
                "node": "4.x || >=6.0.0"
            },
            "peerDependencies": {
                "encoding": "^0.1.0"
            },
            "peerDependenciesMeta": {
                "encoding": {
                    "optional": true
                }
            }
        },
        "node_modules/node-html-parser": {
            "version": "6.1.12",
            "resolved": "https://registry.npmjs.org/node-html-parser/-/node-html-parser-6.1.12.tgz",
            "integrity": "sha512-/bT/Ncmv+fbMGX96XG9g05vFt43m/+SYKIs9oAemQVYyVcZmDAI2Xq/SbNcpOA35eF0Zk2av3Ksf+Xk8Vt8abA==",
            "dependencies": {
                "css-select": "^5.1.0",
                "he": "1.2.0"
            }
        },
        "node_modules/nth-check": {
            "version": "2.1.1",
            "resolved": "https://registry.npmjs.org/nth-check/-/nth-check-2.1.1.tgz",
            "integrity": "sha512-lqjrjmaOoAnWfMmBPL+XNnynZh2+swxiX3WUE0s4yEHI6m+AwrK2UZOimIRl3X/4QctVqS8AiZjFqyOGrMXb/w==",
            "dependencies": {
                "boolbase": "^1.0.0"
            },
            "funding": {
                "url": "https://github.com/fb55/nth-check?sponsor=1"
            }
        },
        "node_modules/object-assign": {
            "version": "4.1.1",
            "resolved": "https://registry.npmjs.org/object-assign/-/object-assign-4.1.1.tgz",
            "integrity": "sha512-rJgTQnkUnH1sFw8yT6VSU3zD3sWmu6sZhIseY8VX+GRu3P6F7Fu+JNDoXfklElbLJSnc3FUQHVe4cU5hj+BcUg==",
            "engines": {
                "node": ">=0.10.0"
            }
        },
        "node_modules/picocolors": {
            "version": "1.0.0",
            "resolved": "https://registry.npmjs.org/picocolors/-/picocolors-1.0.0.tgz",
            "integrity": "sha512-1fygroTLlHu66zi26VoTDv8yRgm0Fccecssto+MhsZ0D/DGW2sm8E8AjW7NU5VVTRt5GxbeZ5qBuJr+HyLYkjQ=="
        },
        "node_modules/postcss": {
            "version": "8.4.31",
            "resolved": "https://registry.npmjs.org/postcss/-/postcss-8.4.31.tgz",
            "integrity": "sha512-PS08Iboia9mts/2ygV3eLpY5ghnUcfLV/EXTOW1E2qYxJKGGBUtNjN76FYHnMs36RmARn41bC0AZmn+rR0OVpQ==",
            "funding": [
                {
                    "type": "opencollective",
                    "url": "https://opencollective.com/postcss/"
                },
                {
                    "type": "tidelift",
                    "url": "https://tidelift.com/funding/github/npm/postcss"
                },
                {
                    "type": "github",
                    "url": "https://github.com/sponsors/ai"
                }
            ],
            "dependencies": {
                "nanoid": "^3.3.6",
                "picocolors": "^1.0.0",
                "source-map-js": "^1.0.2"
            },
            "engines": {
                "node": "^10 || ^12 || >=14"
            }
        },
        "node_modules/prop-types": {
            "version": "15.8.1",
            "resolved": "https://registry.npmjs.org/prop-types/-/prop-types-15.8.1.tgz",
            "integrity": "sha512-oj87CgZICdulUohogVAR7AjlC0327U4el4L6eAvOqCeudMDVU0NThNaV+b9Df4dXgSP1gXMTnPdhfe/2qDH5cg==",
            "dependencies": {
                "loose-envify": "^1.4.0",
                "object-assign": "^4.1.1",
                "react-is": "^16.13.1"
            }
        },
        "node_modules/react": {
            "version": "18.2.0",
            "resolved": "https://registry.npmjs.org/react/-/react-18.2.0.tgz",
            "integrity": "sha512-/3IjMdb2L9QbBdWiW5e3P2/npwMBaU9mHCSCUzNln0ZCYbcfTsGbTJrU/kGemdH2IWmB2ioZ+zkxtmq6g09fGQ==",
            "dependencies": {
                "loose-envify": "^1.1.0"
            },
            "engines": {
                "node": ">=0.10.0"
            }
        },
        "node_modules/react-dom": {
            "version": "18.2.0",
            "resolved": "https://registry.npmjs.org/react-dom/-/react-dom-18.2.0.tgz",
            "integrity": "sha512-6IMTriUmvsjHUjNtEDudZfuDQUoWXVxKHhlEGSk81n4YFS+r/Kl99wXiwlVXtPBtJenozv2P+hxDsw9eA7Xo6g==",
            "dependencies": {
                "loose-envify": "^1.1.0",
                "scheduler": "^0.23.0"
            },
            "peerDependencies": {
                "react": "^18.2.0"
            }
        },
        "node_modules/react-fast-compare": {
            "version": "3.2.2",
            "resolved": "https://registry.npmjs.org/react-fast-compare/-/react-fast-compare-3.2.2.tgz",
            "integrity": "sha512-nsO+KSNgo1SbJqJEYRE9ERzo7YtYbou/OqjSQKxV7jcKox7+usiUVZOAC+XnDOABXggQTno0Y1CpVnuWEc1boQ=="
        },
        "node_modules/react-infinite-observer": {
            "version": "2.0.1",
            "resolved": "https://registry.npmjs.org/react-infinite-observer/-/react-infinite-observer-2.0.1.tgz",
            "integrity": "sha512-osfF+tMsl0AZkk/l/0MQvHGInTdNWqwPqZWDeiHRFnHEN9vwahDPsPRa2d5mDyyut+cLIaQbvRDapprl3M1nmw==",
            "engines": {
                "node": ">=14.0.0"
            },
            "peerDependencies": {
                "react": ">=17",
                "react-dom": ">=17"
            }
        },
        "node_modules/react-is": {
            "version": "16.13.1",
            "resolved": "https://registry.npmjs.org/react-is/-/react-is-16.13.1.tgz",
            "integrity": "sha512-24e6ynE2H+OKt4kqsOvNd8kBpV65zoxbA4BVsEOB3ARVWQki/DHzaUoC5KuON/BiccDaCCTZBuOcfZs70kR8bQ=="
        },
        "node_modules/react-lazy-load-image-component": {
            "version": "1.6.0",
            "resolved": "https://registry.npmjs.org/react-lazy-load-image-component/-/react-lazy-load-image-component-1.6.0.tgz",
            "integrity": "sha512-8KFkDTgjh+0+PVbH+cx0AgxLGbdTsxWMnxXzU5HEUztqewk9ufQAu8cstjZhyvtMIPsdMcPZfA0WAa7HtjQbBQ==",
            "dependencies": {
                "lodash.debounce": "^4.0.8",
                "lodash.throttle": "^4.1.1"
            },
            "peerDependencies": {
                "react": "^15.x.x || ^16.x.x || ^17.x.x || ^18.x.x",
                "react-dom": "^15.x.x || ^16.x.x || ^17.x.x || ^18.x.x"
            }
        },
        "node_modules/react-player": {
            "version": "2.14.1",
            "resolved": "https://registry.npmjs.org/react-player/-/react-player-2.14.1.tgz",
            "integrity": "sha512-jILj7F9o+6NHzrJ1GqZIxfJgskvGmKeJ05FNhPvgiCpvMZFmFneKEkukywHcULDO2lqITm+zcEkLSq42mX0FbA==",
            "dependencies": {
                "deepmerge": "^4.0.0",
                "load-script": "^1.0.0",
                "memoize-one": "^5.1.1",
                "prop-types": "^15.7.2",
                "react-fast-compare": "^3.0.1"
            },
            "peerDependencies": {
                "react": ">=16.6.0"
            }
        },
        "node_modules/scheduler": {
            "version": "0.23.0",
            "resolved": "https://registry.npmjs.org/scheduler/-/scheduler-0.23.0.tgz",
            "integrity": "sha512-CtuThmgHNg7zIZWAXi3AsyIzA3n4xx7aNyjwC2VJldO2LMVDhFK+63xGqq6CsJH4rTAt6/M+N4GhZiDYPx9eUw==",
            "dependencies": {
                "loose-envify": "^1.1.0"
            }
        },
        "node_modules/source-map-js": {
            "version": "1.0.2",
            "resolved": "https://registry.npmjs.org/source-map-js/-/source-map-js-1.0.2.tgz",
            "integrity": "sha512-R0XvVJ9WusLiqTCEiGCmICCMplcCkIwwR11mOSD9CR5u+IXYdiseeEuXCVAjS54zqwkLcPNnmU4OeJ6tUrWhDw==",
            "engines": {
                "node": ">=0.10.0"
            }
        },
        "node_modules/streamsearch": {
            "version": "1.1.0",
            "resolved": "https://registry.npmjs.org/streamsearch/-/streamsearch-1.1.0.tgz",
            "integrity": "sha512-Mcc5wHehp9aXz1ax6bZUyY5afg9u2rv5cqQI3mRrYkGC8rW2hM02jWuwjtL++LS5qinSyhj2QfLyNsuc+VsExg==",
            "engines": {
                "node": ">=10.0.0"
            }
        },
        "node_modules/styled-jsx": {
            "version": "5.1.1",
            "resolved": "https://registry.npmjs.org/styled-jsx/-/styled-jsx-5.1.1.tgz",
            "integrity": "sha512-pW7uC1l4mBZ8ugbiZrcIsiIvVx1UmTfw7UkC3Um2tmfUq9Bhk8IiyEIPl6F8agHgjzku6j0xQEZbfA5uSgSaCw==",
            "dependencies": {
                "client-only": "0.0.1"
            },
            "engines": {
                "node": ">= 12.0.0"
            },
            "peerDependencies": {
                "react": ">= 16.8.0 || 17.x.x || ^18.0.0-0"
            },
            "peerDependenciesMeta": {
                "@babel/core": {
                    "optional": true
                },
                "babel-plugin-macros": {
                    "optional": true
                }
            }
        },
        "node_modules/swiper": {
            "version": "11.0.5",
            "resolved": "https://registry.npmjs.org/swiper/-/swiper-11.0.5.tgz",
            "integrity": "sha512-rhCwupqSyRnWrtNzWzemnBLMoyYuoDgGgspAm/8iBD3jCvAWycPLH4Z3TB0O5520DHLzMx94yUMH/B9Efpa48w==",
            "funding": [
                {
                    "type": "patreon",
                    "url": "https://www.patreon.com/swiperjs"
                },
                {
                    "type": "open_collective",
                    "url": "http://opencollective.com/swiper"
                }
            ],
            "engines": {
                "node": ">= 4.7.0"
            }
        },
        "node_modules/tr46": {
            "version": "0.0.3",
            "resolved": "https://registry.npmjs.org/tr46/-/tr46-0.0.3.tgz",
            "integrity": "sha512-N3WMsuqV66lT30CrXNbEjx4GEwlow3v6rr4mCcv6prnfwhS01rkgyFdjPNBYd9br7LpXV1+Emh01fHnq2Gdgrw=="
        },
        "node_modules/tslib": {
            "version": "2.6.2",
            "resolved": "https://registry.npmjs.org/tslib/-/tslib-2.6.2.tgz",
            "integrity": "sha512-AEYxH93jGFPn/a2iVAwW87VuUIkR1FVUKB77NwMF7nBTDkDrrT/Hpt/IrCJ0QXhW27jTBDcf5ZY7w6RiqTMw2Q=="
        },
        "node_modules/user-agents": {
            "version": "1.1.70",
            "resolved": "https://registry.npmjs.org/user-agents/-/user-agents-1.1.70.tgz",
            "integrity": "sha512-1RWxs5c105JT2/zDNi+1TAoVEi9hJagOjMUL8gXxorU/2m4QbR8Rz53eEEN7O2IZOdrV5ktLaxkkG/9v9TrQGw==",
            "dependencies": {
                "lodash.clonedeep": "^4.5.0"
            }
        },
        "node_modules/watchpack": {
            "version": "2.4.0",
            "resolved": "https://registry.npmjs.org/watchpack/-/watchpack-2.4.0.tgz",
            "integrity": "sha512-Lcvm7MGST/4fup+ifyKi2hjyIAwcdI4HRgtvTpIUxBRhB+RFtUh8XtDOxUfctVCnhVi+QQj49i91OyvzkJl6cg==",
            "dependencies": {
                "glob-to-regexp": "^0.4.1",
                "graceful-fs": "^4.1.2"
            },
            "engines": {
                "node": ">=10.13.0"
            }
        },
        "node_modules/webidl-conversions": {
            "version": "3.0.1",
            "resolved": "https://registry.npmjs.org/webidl-conversions/-/webidl-conversions-3.0.1.tgz",
            "integrity": "sha512-2JAn3z8AR6rjK8Sm8orRC0h/bcl/DqL7tRPdGZ4I1CjdF+EaMLmYxBHyXuKL849eucPFhvBoxMsflfOb8kxaeQ=="
        },
        "node_modules/whatwg-url": {
            "version": "5.0.0",
            "resolved": "https://registry.npmjs.org/whatwg-url/-/whatwg-url-5.0.0.tgz",
            "integrity": "sha512-saE57nupxk6v3HY35+jzBwYa0rKSy0XR8JSxZPwgLr7ys0IBzhGviA1/TUGJLmSVqs8pb9AnvICXEuOHLprYTw==",
            "dependencies": {
                "tr46": "~0.0.3",
                "webidl-conversions": "^3.0.0"
            }
        },
        "node_modules/zougatagadb": {
            "version": "1.2.6",
            "resolved": "https://registry.npmjs.org/zougatagadb/-/zougatagadb-1.2.6.tgz",
            "integrity": "sha512-3t7aibBZFnUWA4jLVvs3JWfbhIrTqxl1WmgDTtPUPMmM51CT2ExVGwUkXnOoaVi+AvuOr5MeDWSA4MjDkzPEVA==",
            "dependencies": {
                "cipherdata": "^1.0.1",
                "fs": "^0.0.1-security"
            }
        }
    }
}
